
Microsoft Visual Studio Solution File, Format Version 12.00
# Visual Studio 2012
Project("{FAE04EC0-301F-11D3-BF4B-00C04F79EFBC}") = "DrawShapeLib", "DrawShapeLib\DrawShapeLib.csproj", "{5A2B0CAE-82DB-41B9-8125-A57BB6E9AEC6}"
EndProject
Project("{FAE04EC0-301F-11D3-BF4B-00C04F79EFBC}") = "ConsoleShape", "ConsoleShapeEtape02\ConsoleShape.csproj", "{A7205A10-3F41-4C0B-AC06-2E208941647B}"
EndProject
Project("{FAE04EC0-301F-11D3-BF4B-00C04F79EFBC}") = "WinFormShape", "WinFormEtape02Test\WinFormShape.csproj", "{615A9A83-F8C5-4AD1-AE79-915E5DDDE722}"
EndProject
Global
	GlobalSection(SolutionConfigurationPlatforms) = preSolution
		Debug|Any CPU = Debug|Any CPU
		Release|Any CPU = Release|Any CPU
	EndGlobalSection
	GlobalSection(ProjectConfigurationPlatforms) = postSolution
		{5A2B0CAE-82DB-41B9-8125-A57BB6E9AEC6}.Debug|Any CPU.ActiveCfg = Debug|Any CPU
		{5A2B0CAE-82DB-41B9-8125-A57BB6E9AEC6}.Debug|Any CPU.Build.0 = Debug|Any CPU
		{5A2B0CAE-82DB-41B9-8125-A57BB6E9AEC6}.Release|Any CPU.ActiveCfg = Release|Any CPU
		{5A2B0CAE-82DB-41B9-8125-A57BB6E9AEC6}.Release|Any CPU.Build.0 = Release|Any CPU
		{A7205A10-3F41-4C0B-AC06-2E208941647B}.Debug|Any CPU.ActiveCfg = Debug|Any CPU
		{A7205A10-3F41-4C0B-AC06-2E208941647B}.Debug|Any CPU.Build.0 = Debug|Any CPU
		{A7205A10-3F41-4C0B-AC06-2E208941647B}.Release|Any CPU.ActiveCfg = Release|Any CPU
		{A7205A10-3F41-4C0B-AC06-2E208941647B}.Release|Any CPU.Build.0 = Release|Any CPU
		{615A9A83-F8C5-4AD1-AE79-915E5DDDE722}.Debug|Any CPU.ActiveCfg = Debug|Any CPU
		{615A9A83-F8C5-4AD1-AE79-915E5DDDE722}.Debug|Any CPU.Build.0 = Debug|Any CPU
		{615A9A83-F8C5-4AD1-AE79-915E5DDDE722}.Release|Any CPU.ActiveCfg = Release|Any CPU
		{615A9A83-F8C5-4AD1-AE79-915E5DDDE722}.Release|Any CPU.Build.0 = Release|Any CPU
	EndGlobalSection
	GlobalSection(SolutionProperties) = preSolution
		HideSolutionNode = FALSE
	EndGlobalSection
EndGlobal
